{
  "name": "roadtrippers-playwright-ts",
  "version": "1.0.0",
  "lockfileVersion": 3,
  "requires": true,
  "packages": {
    "": {
      "name": "roadtrippers-playwright-ts",
      "version": "1.0.0",
      "dependencies": {
        "dotenv": "^16.3.1"
      },
      "devDependencies": {
        "@playwright/test": "^1.40.0",
        "@types/node": "^20.10.0",
        "typescript": "^5.3.3"
      }
    },
    "node_modules/@playwright/test": {
      "version": "1.40.1",
      "resolved": "https://registry.npmjs.org/@playwright/test/-/test-1.40.1.tgz",
      "integrity": "sha512-EaaawM7p/Eck8LjvJoFFd4PprdAnPIRdI7D0wQyKJHhDMPPkyqn/FLzYDnKYuKDDN9XDq5WgVMwjxT4K5pI7rg==",
      "dependencies": {
        "@playwright/browser-chromium": "1.40.1",
        "@playwright/browser-firefox": "1.40.1",
        "@playwright/browser-webkit": "1.40.1",
        "@types/node": ">=12"
      },
      "bin": {
        "playwright": "cli.js"
      }
    },
    "node_modules/@playwright/browser-chromium": {
      "version": "1.40.1",
      "resolved": "https://registry.npmjs.org/@playwright/browser-chromium/-/browser-chromium-1.40.1.tgz",
      "integrity": "sha512-StM90t7qLx/bLaIrNJ56UQp2J+KipnYmkS9EmbsJMrNvKLFMuXBmNs3YvX4gI/vkbCOAqAM1rVhfZe3mq3V6Ng=="
    },
    "node_modules/@playwright/browser-firefox": {
      "version": "1.40.1",
      "resolved": "https://registry.npmjs.org/@playwright/browser-firefox/-/browser-firefox-1.40.1.tgz",
      "integrity": "sha512-B/PZ/jqJhVVQmMc8CIqJKKJPXHDSYEFwQDqKKtJLZIzILTf+i5X3B+kdGPqlXFvHVHNJE/LLMHQiVLj3NXHVsg=="
    },
    "node_modules/@playwright/browser-webkit": {
      "version": "1.40.1",
      "resolved": "https://registry.npmjs.org/@playwright/browser-webkit/-/browser-webkit-1.40.1.tgz",
      "integrity": "sha512-NEnBwLZ0WcLMkBLXEJBJGcsqCMGP5CJl7dkwgn5a4DCTMJ0x+xzqI+LZ7RhJcqZrAeCiGHZ3aqBElCCzVa1Qw=="
    },
    "node_modules/@types/node": {
      "version": "20.10.6",
      "resolved": "https://registry.npmjs.org/@types/node/-/node-20.10.6.tgz",
      "integrity": "sha512-Vac8H+Nir1wtsLT1DMcHapomEk6w8Z+im2jm4r9cAGNbCvdkZ+dz0MRoPaeIAuria4f2O8oZxCbq2uq1T1hin A=="
    },
    "node_modules/dotenv": {
      "version": "16.3.1",
      "resolved": "https://registry.npmjs.org/dotenv/-/dotenv-16.3.1.tgz",
      "integrity": "sha512-IPzF4w4/Ct6BVTucSMCPriQO0Q2/dAcbnjvZNqPMU34+KwD2V6D2/QX2L1d+r+LbiGrNrohwLEV60s1ysvgQQA==",
      "engines": {
        "node": ">=12"
      }
    },
    "node_modules/typescript": {
      "version": "5.3.3",
      "resolved": "https://registry.npmjs.org/typescript/-/typescript-5.3.3.tgz",
      "integrity": "sha512-pMVNnC0PB9lKvRndl9TN7RBP4p5q7HbyDG+FANfBWV+x+xd5ZqnkCmHBXPKddBozlPF0ubCqVwrJ6LCqb8h9+g==",
      "bin": {
        "tsc": "bin/tsc",
        "tsserver": "bin/tsserver"
      },
      "engines": {
        "node": ">=14.17"
      }
    }
  }
}
